// !$*UTF8*$!
{
	archiveVersion = 1;
	classes = {
	};
	objectVersion = 48;
	objects = {

/* Begin PBXBuildFile section */
		302295281FD5113E00733FB1 /* AppDelegate.swift in Sources */ = {isa = PBXBuildFile; fileRef = 302295271FD5113E00733FB1 /* AppDelegate.swift */; };
		3022952A1FD5113E00733FB1 /* ViewController.swift in Sources */ = {isa = PBXBuildFile; fileRef = 302295291FD5113E00733FB1 /* ViewController.swift */; };
		3022952D1FD5113E00733FB1 /* Main.storyboard in Resources */ = {isa = PBXBuildFile; fileRef = 3022952B1FD5113E00733FB1 /* Main.storyboard */; };
		3022952F1FD5113E00733FB1 /* Assets.xcassets in Resources */ = {isa = PBXBuildFile; fileRef = 3022952E1FD5113E00733FB1 /* Assets.xcassets */; };
		302295321FD5113E00733FB1 /* LaunchScreen.storyboard in Resources */ = {isa = PBXBuildFile; fileRef = 302295301FD5113E00733FB1 /* LaunchScreen.storyboard */; };
		3022953B1FD5119E00733FB1 /* FXStarRatingTool.swift in Sources */ = {isa = PBXBuildFile; fileRef = 3022953A1FD5119E00733FB1 /* FXStarRatingTool.swift */; };
		3022953D1FD512BE00733FB1 /* FXRatingBar.swift in Sources */ = {isa = PBXBuildFile; fileRef = 3022953C1FD512BE00733FB1 /* FXRatingBar.swift */; };
		3022953F1FD512DC00733FB1 /* star.bundle in Resources */ = {isa = PBXBuildFile; fileRef = 3022953E1FD512DC00733FB1 /* star.bundle */; };
/* End PBXBuildFile section */

/* Begin PBXFileReference section */
		302295241FD5113E00733FB1 /* FXStarRatingTool.app */ = {isa = PBXFileReference; explicitFileType = wrapper.application; includeInIndex = 0; path = FXStarRatingTool.app; sourceTree = BUILT_PRODUCTS_DIR; };
		302295271FD5113E00733FB1 /* AppDelegate.swift */ = {isa = PBXFileReference; lastKnownFileType = sourcecode.swift; path = AppDelegate.swift; sourceTree = "<group>"; };
		302295291FD5113E00733FB1 /* ViewController.swift */ = {isa = PBXFileReference; lastKnownFileType = sourcecode.swift; path = ViewController.swift; sourceTree = "<group>"; };
		3022952C1FD5113E00733FB1 /* Base */ = {isa = PBXFileReference; lastKnownFileType = file.storyboard; name = Base; path = Base.lproj/Main.storyboard; sourceTree = "<group>"; };
		3022952E1FD5113E00733FB1 /* Assets.xcassets */ = {isa = PBXFileReference; lastKnownFileType = folder.assetcatalog; path = Assets.xcassets; sourceTree = "<group>"; };
		302295311FD5113E00733FB1 /* Base */ = {isa = PBXFileReference; lastKnownFileType = file.storyboard; name = Base; path = Base.lproj/LaunchScreen.storyboard; sourceTree = "<group>"; };
		302295331FD5113E00733FB1 /* Info.plist */ = {isa = PBXFileReference; lastKnownFileType = text.plist.xml; path = Info.plist; sourceTree = "<group>"; };
		3022953A1FD5119E00733FB1 /* FXStarRatingTool.swift */ = {isa = PBXFileReference; lastKnownFileType = sourcecode.swift; path = FXStarRatingTool.swift; sourceTree = "<group>"; };
		3022953C1FD512BE00733FB1 /* FXRatingBar.swift */ = {isa = PBXFileReference; lastKnownFileType = sourcecode.swift; path = FXRatingBar.swift; sourceTree = "<group>"; };
		3022953E1FD512DC00733FB1 /* star.bundle */ = {isa = PBXFileReference; lastKnownFileType = "wrapper.plug-in"; path = star.bundle; sourceTree = "<group>"; };
/* End PBXFileReference section */

/* Begin PBXFrameworksBuildPhase section */
		302295211FD5113E00733FB1 /* Frameworks */ = {
			isa = PBXFrameworksBuildPhase;
			buildActionMask = 2147483647;
			files = (
			);
			runOnlyForDeploymentPostprocessing = 0;
		};
/* End PBXFrameworksBuildPhase section */

/* Begin PBXGroup section */
		3022951B1FD5113E00733FB1 = {
			isa = PBXGroup;
			children = (
				302295261FD5113E00733FB1 /* FXStarRatingTool */,
				302295251FD5113E00733FB1 /* Products */,
			);
			sourceTree = "<group>";
		};
		302295251FD5113E00733FB1 /* Products */ = {
			isa = PBXGroup;
			children = (
				302295241FD5113E00733FB1 /* FXStarRatingTool.app */,
			);
			name = Products;
			sourceTree = "<group>";
		};
		302295261FD5113E00733FB1 /* FXStarRatingTool */ = {
			isa = PBXGroup;
			children = (
				302295391FD5117000733FB1 /* FXStarRatingTool */,
				302295271FD5113E00733FB1 /* AppDelegate.swift */,
				302295291FD5113E00733FB1 /* ViewController.swift */,
				3022952B1FD5113E00733FB1 /* Main.storyboard */,
				3022952E1FD5113E00733FB1 /* Assets.xcassets */,
				302295301FD5113E00733FB1 /* LaunchScreen.storyboard */,
				302295331FD5113E00733FB1 /* Info.plist */,
			);
			path = FXStarRatingTool;
			sourceTree = "<group>";
		};
		302295391FD5117000733FB1 /* FXStarRatingTool */ = {
			isa = PBXGroup;
			children = (
				3022953A1FD5119E00733FB1 /* FXStarRatingTool.swift */,
				3022953C1FD512BE00733FB1 /* FXRatingBar.swift */,
				3022953E1FD512DC00733FB1 /* star.bundle */,
			);
			path = FXStarRatingTool;
			sourceTree = "<group>";
		};
/* End PBXGroup section */

/* Begin PBXNativeTarget section */
		302295231FD5113E00733FB1 /* FXStarRatingTool */ = {
			isa = PBXNativeTarget;
			buildConfigurationList = 302295361FD5113E00733FB1 /* Build configuration list for PBXNativeTarget "FXStarRatingTool" */;
			buildPhases = (
				302295201FD5113E00733FB1 /* Sources */,
				302295211FD5113E00733FB1 /* Frameworks */,
				302295221FD5113E00733FB1 /* Resources */,
			);
			buildRules = (
			);
			dependencies = (
			);
			name = FXStarRatingTool;
			productName = FXStarRatingTool;
			productReference = 302295241FD5113E00733FB1 /* FXStarRatingTool.app */;
			productType = "com.apple.product-type.application";
		};
/* End PBXNativeTarget section */

/* Begin PBXProject section */
		3022951C1FD5113E00733FB1 /* Project object */ = {
			isa = PBXProject;
			attributes = {
				LastSwiftUpdateCheck = 0910;
				LastUpgradeCheck = 0910;
				ORGANIZATIONNAME = "Aaron Feng";
				TargetAttributes = {
					302295231FD5113E00733FB1 = {
						CreatedOnToolsVersion = 9.1;
						ProvisioningStyle = Automatic;
					};
				};
			};
			buildConfigurationList = 3022951F1FD5113E00733FB1 /* Build configuration list for PBXProject "FXStarRatingTool" */;
			compatibilityVersion = "Xcode 8.0";
			developmentRegion = en;
			hasScannedForEncodings = 0;
			knownRegions = (
				en,
				Base,
			);
			mainGroup = 3022951B1FD5113E00733FB1;
			productRefGroup = 302295251FD5113E00733FB1 /* Products */;
			projectDirPath = "";
			projectRoot = "";
			targets = (
				302295231FD5113E00733FB1 /* FXStarRatingTool */,
			);
		};
/* End PBXProject section */

/* Begin PBXResourcesBuildPhase section */
		302295221FD5113E00733FB1 /* Resources */ = {
			isa = PBXResourcesBuildPhase;
			buildActionMask = 2147483647;
			files = (
				302295321FD5113E00733FB1 /* LaunchScreen.storyboard in Resources */,
				3022953F1FD512DC00733FB1 /* star.bundle in Resources */,
				3022952F1FD5113E00733FB1 /* Assets.xcassets in Resources */,
				3022952D1FD5113E00733FB1 /* Main.storyboard in Resources */,
			);
			runOnlyForDeploymentPostprocessing = 0;
		};
/* End PBXResourcesBuildPhase section */

/* Begin PBXSourcesBuildPhase section */
		302295201FD5113E00733FB1 /* Sources */ = {
			isa = PBXSourcesBuildPhase;
			buildActionMask = 2147483647;
			files = (
				3022953D1FD512BE00733FB1 /* FXRatingBar.swift in Sources */,
				3022952A1FD5113E00733FB1 /* ViewController.swift in Sources */,
				302295281FD5113E00733FB1 /* AppDelegate.swift in Sources */,
				3022953B1FD5119E00733FB1 /* FXStarRatingTool.swift in Sources */,
			);
			runOnlyForDeploymentPostprocessing = 0;
		};
/* End PBXSourcesBuildPhase section */

/* Begin PBXVariantGroup section */
		3022952B1FD5113E00733FB1 /* Main.storyboard */ = {
			isa = PBXVariantGroup;
			children = (
				3022952C1FD5113E00733FB1 /* Base */,
			);
			name = Main.storyboard;
			sourceTree = "<group>";
		};
		302295301FD5113E00733FB1 /* LaunchScreen.storyboard */ = {
			isa = PBXVariantGroup;
			children = (
				302295311FD5113E00733FB1 /* Base */,
			);
			name = LaunchScreen.storyboard;
			sourceTree = "<group>";
		};
/* End PBXVariantGroup section */

/* Begin XCBuildConfiguration section */
		302295341FD5113E00733FB1 /* Debug */ = {
			isa = XCBuildConfiguration;
			buildSettings = {
				ALWAYS_SEARCH_USER_PATHS = NO;
				CLANG_ANALYZER_NONNULL = YES;
				CLANG_ANALYZER_NUMBER_OBJECT_CONVERSION = YES_AGGRESSIVE;
				CLANG_CXX_LANGUAGE_STANDARD = "gnu++14";
				CLANG_CXX_LIBRARY = "libc++";
				CLANG_ENABLE_MODULES = YES;
				CLANG_ENABLE_OBJC_ARC = YES;
				CLANG_WARN_BLOCK_CAPTURE_AUTORELEASING = YES;
				CLANG_WARN_BOOL_CONVERSION = YES;
				CLANG_WARN_COMMA = YES;
				CLANG_WARN_CONSTANT_CONVERSION = YES;
				CLANG_WARN_DIRECT_OBJC_ISA_USAGE = YES_ERROR;
				CLANG_WARN_DOCUMENTATION_COMMENTS = YES;
				CLANG_WARN_EMPTY_BODY = YES;
				CLANG_WARN_ENUM_CONVERSION = YES;
				CLANG_WARN_INFINITE_RECURSION = YES;
				CLANG_WARN_INT_CONVERSION = YES;
				CLANG_WARN_NON_LITERAL_NULL_CONVERSION = YES;
				CLANG_WARN_OBJC_LITERAL_CONVERSION = YES;
				CLANG_WARN_OBJC_ROOT_CLASS = YES_ERROR;
				CLANG_WARN_RANGE_LOOP_ANALYSIS = YES;
				CLANG_WARN_STRICT_PROTOTYPES = YES;
				CLANG_WARN_SUSPICIOUS_MOVE = YES;
				CLANG_WARN_UNGUARDED_AVAILABILITY = YES_AGGRESSIVE;
				CLANG_WARN_UNREACHABLE_CODE = YES;
				CLANG_WARN__DUPLICATE_METHOD_MATCH = YES;
				CODE_SIGN_IDENTITY = "iPhone Developer";
				COPY_PHASE_STRIP = NO;
				DEBUG_INFORMATION_FORMAT = dwarf;
				ENABLE_STRICT_OBJC_MSGSEND = YES;
				ENABLE_TESTABILITY = YES;
				GCC_C_LANGUAGE_STANDARD = gnu11;
				GCC_DYNAMIC_NO_PIC = NO;
				GCC_NO_COMMON_BLOCKS = YES;
				GCC_OPTIMIZATION_LEVEL = 0;
				GCC_PREPROCESSOR_DEFINITIONS = (
					"DEBUG=1",
					"$(inherited)",
				);
				GCC_WARN_64_TO_32_BIT_CONVERSION = YES;
				GCC_WARN_ABOUT_RETURN_TYPE = YES_ERROR;
				GCC_WARN_UNDECLARED_SELECTOR = YES;
				GCC_WARN_UNINITIALIZED_AUTOS = YES_AGGRESSIVE;
				GCC_WARN_UNUSED_FUNCTION = YES;
				GCC_WARN_UNUSED_VARIABLE = YES;
				IPHONEOS_DEPLOYMENT_TARGET = 11.1;
				MTL_ENABLE_DEBUG_INFO = YES;
				ONLY_ACTIVE_ARCH = YES;
				SDKROOT = iphoneos;
				SWIFT_ACTIVE_COMPILATION_CONDITIONS = DEBUG;
				SWIFT_OPTIMIZATION_LEVEL = "-Onone";
			};
			name = Debug;
		};
		302295351FD5113E00733FB1 /* Release */ = {
			isa = XCBuildConfiguration;
			buildSettings = {
				ALWAYS_SEARCH_USER_PATHS = NO;
				CLANG_ANALYZER_NONNULL = YES;
				CLANG_ANALYZER_NUMBER_OBJECT_CONVERSION = YES_AGGRESSIVE;
				CLANG_CXX_LANGUAGE_STANDARD = "gnu++14";
				CLANG_CXX_LIBRARY = "libc++";
				CLANG_ENABLE_MODULES = YES;
				CLANG_ENABLE_OBJC_ARC = YES;
				CLANG_WARN_BLOCK_CAPTURE_AUTORELEASING = YES;
				CLANG_WARN_BOOL_CONVERSION = YES;
				CLANG_WARN_COMMA = YES;
				CLANG_WARN_CONSTANT_CONVERSION = YES;
				CLANG_WARN_DIRECT_OBJC_ISA_USAGE = YES_ERROR;
				CLANG_WARN_DOCUMENTATION_COMMENTS = YES;
				CLANG_WARN_EMPTY_BODY = YES;
				CLANG_WARN_ENUM_CONVERSION = YES;
				CLANG_WARN_INFINITE_RECURSION = YES;
				CLANG_WARN_INT_CONVERSION = YES;
				CLANG_WARN_NON_LITERAL_NULL_CONVERSION = YES;
				CLANG_WARN_OBJC_LITERAL_CONVERSION = YES;
				CLANG_WARN_OBJC_ROOT_CLASS = YES_ERROR;
				CLANG_WARN_RANGE_LOOP_ANALYSIS = YES;
				CLANG_WARN_STRICT_PROTOTYPES = YES;
				CLANG_WARN_SUSPICIOUS_MOVE = YES;
				CLANG_WARN_UNGUARDED_AVAILABILITY = YES_AGGRESSIVE;
				CLANG_WARN_UNREACHABLE_CODE = YES;
				CLANG_WARN__DUPLICATE_METHOD_MATCH = YES;
				CODE_SIGN_IDENTITY = "iPhone Developer";
				COPY_PHASE_STRIP = NO;
				DEBUG_INFORMATION_FORMAT = "dwarf-with-dsym";
				ENABLE_NS_ASSERTIONS = NO;
				ENABLE_STRICT_OBJC_MSGSEND = YES;
				GCC_C_LANGUAGE_STANDARD = gnu11;
				GCC_NO_COMMON_BLOCKS = YES;
				GCC_WARN_64_TO_32_BIT_CONVERSION = YES;
				GCC_WARN_ABOUT_RETURN_TYPE = YES_ERROR;
				GCC_WARN_UNDECLARED_SELECTOR = YES;
				GCC_WARN_UNINITIALIZED_AUTOS = YES_AGGRESSIVE;
				GCC_WARN_UNUSED_FUNCTION = YES;
				GCC_WARN_UNUSED_VARIABLE = YES;
				IPHONEOS_DEPLOYMENT_TARGET = 11.1;
				MTL_ENABLE_DEBUG_INFO = NO;
				SDKROOT = iphoneos;
				SWIFT_OPTIMIZATION_LEVEL = "-Owholemodule";
				VALIDATE_PRODUCT = YES;
			};
			name = Release;
		};
		302295371FD5113E00733FB1 /* Debug */ = {
			isa = XCBuildConfiguration;
			buildSettings = {
				ASSETCATALOG_COMPILER_APPICON_NAME = AppIcon;
				CODE_SIGN_STYLE = Automatic;
				DEVELOPMENT_TEAM = MV9B26HCTK;
				INFOPLIST_FILE = FXStarRatingTool/Info.plist;
				IPHONEOS_DEPLOYMENT_TARGET = 8.0;
				LD_RUNPATH_SEARCH_PATHS = "$(inherited) @executable_path/Frameworks";
				PRODUCT_BUNDLE_IDENTIFIER = "Aaron-Feng.FXStarRatingTool";
				PRODUCT_NAME = "$(TARGET_NAME)";
				SWIFT_VERSION = 4.0;
				TARGETED_DEVICE_FAMILY = "1,2";
			};
			name = Debug;
		};
		302295381FD5113E00733FB1 /* Release */ = {
			isa = XCBuildConfiguration;
			buildSettings = {
				ASSETCATALOG_COMPILER_APPICON_NAME = AppIcon;
				CODE_SIGN_STYLE = Automatic;
				DEVELOPMENT_TEAM = MV9B26HCTK;
				INFOPLIST_FILE = FXStarRatingTool/Info.plist;
				IPHONEOS_DEPLOYMENT_TARGET = 8.0;
				LD_RUNPATH_SEARCH_PATHS = "$(inherited) @executable_path/Frameworks";
				PRODUCT_BUNDLE_IDENTIFIER = "Aaron-Feng.FXStarRatingTool";
				PRODUCT_NAME = "$(TARGET_NAME)";
				SWIFT_VERSION = 4.0;
				TARGETED_DEVICE_FAMILY = "1,2";
			};
			name = Release;
		};
/* End XCBuildConfiguration section */

/* Begin XCConfigurationList section */
		3022951F1FD5113E00733FB1 /* Build configuration list for PBXProject "FXStarRatingTool" */ = {
			isa = XCConfigurationList;
			buildConfigurations = (
				302295341FD5113E00733FB1 /* Debug */,
				302295351FD5113E00733FB1 /* Release */,
			);
			defaultConfigurationIsVisible = 0;
			defaultConfigurationName = Release;
		};
		302295361FD5113E00733FB1 /* Build configuration list for PBXNativeTarget "FXStarRatingTool" */ = {
			isa = XCConfigurationList;
			buildConfigurations = (
				302295371FD5113E00733FB1 /* Debug */,
				302295381FD5113E00733FB1 /* Release */,
			);
			defaultConfigurationIsVisible = 0;
			defaultConfigurationName = Release;
		};
/* End XCConfigurationList section */
	};
	rootObject = 3022951C1FD5113E00733FB1 /* Project object */;
}
