// !$*UTF8*$!
{
	archiveVersion = 1;
	classes = {
	};
	objectVersion = 48;
	objects = {

/* Begin PBXBuildFile section */
		3096F0BA1FD68A00005B3E38 /* AppDelegate.swift in Sources */ = {isa = PBXBuildFile; fileRef = 3096F0B91FD68A00005B3E38 /* AppDelegate.swift */; };
		3096F0BC1FD68A00005B3E38 /* ViewController.swift in Sources */ = {isa = PBXBuildFile; fileRef = 3096F0BB1FD68A00005B3E38 /* ViewController.swift */; };
		3096F0BF1FD68A00005B3E38 /* Main.storyboard in Resources */ = {isa = PBXBuildFile; fileRef = 3096F0BD1FD68A00005B3E38 /* Main.storyboard */; };
		3096F0C11FD68A00005B3E38 /* Assets.xcassets in Resources */ = {isa = PBXBuildFile; fileRef = 3096F0C01FD68A00005B3E38 /* Assets.xcassets */; };
		3096F0C41FD68A00005B3E38 /* LaunchScreen.storyboard in Resources */ = {isa = PBXBuildFile; fileRef = 3096F0C21FD68A00005B3E38 /* LaunchScreen.storyboard */; };
		3096F0CF1FD68A31005B3E38 /* FXRatingBar.swift in Sources */ = {isa = PBXBuildFile; fileRef = 3096F0CC1FD68A31005B3E38 /* FXRatingBar.swift */; };
		3096F0D01FD68A31005B3E38 /* FXStarRatingTool.swift in Sources */ = {isa = PBXBuildFile; fileRef = 3096F0CD1FD68A31005B3E38 /* FXStarRatingTool.swift */; };
		3096F0D11FD68A31005B3E38 /* star.bundle in Resources */ = {isa = PBXBuildFile; fileRef = 3096F0CE1FD68A31005B3E38 /* star.bundle */; };
/* End PBXBuildFile section */

/* Begin PBXFileReference section */
		3096F0B61FD68A00005B3E38 /* FXStarRatingToolDemo.app */ = {isa = PBXFileReference; explicitFileType = wrapper.application; includeInIndex = 0; path = FXStarRatingToolDemo.app; sourceTree = BUILT_PRODUCTS_DIR; };
		3096F0B91FD68A00005B3E38 /* AppDelegate.swift */ = {isa = PBXFileReference; lastKnownFileType = sourcecode.swift; path = AppDelegate.swift; sourceTree = "<group>"; };
		3096F0BB1FD68A00005B3E38 /* ViewController.swift */ = {isa = PBXFileReference; lastKnownFileType = sourcecode.swift; path = ViewController.swift; sourceTree = "<group>"; };
		3096F0BE1FD68A00005B3E38 /* Base */ = {isa = PBXFileReference; lastKnownFileType = file.storyboard; name = Base; path = Base.lproj/Main.storyboard; sourceTree = "<group>"; };
		3096F0C01FD68A00005B3E38 /* Assets.xcassets */ = {isa = PBXFileReference; lastKnownFileType = folder.assetcatalog; path = Assets.xcassets; sourceTree = "<group>"; };
		3096F0C31FD68A00005B3E38 /* Base */ = {isa = PBXFileReference; lastKnownFileType = file.storyboard; name = Base; path = Base.lproj/LaunchScreen.storyboard; sourceTree = "<group>"; };
		3096F0C51FD68A00005B3E38 /* Info.plist */ = {isa = PBXFileReference; lastKnownFileType = text.plist.xml; path = Info.plist; sourceTree = "<group>"; };
		3096F0CC1FD68A31005B3E38 /* FXRatingBar.swift */ = {isa = PBXFileReference; fileEncoding = 4; lastKnownFileType = sourcecode.swift; path = FXRatingBar.swift; sourceTree = "<group>"; };
		3096F0CD1FD68A31005B3E38 /* FXStarRatingTool.swift */ = {isa = PBXFileReference; fileEncoding = 4; lastKnownFileType = sourcecode.swift; path = FXStarRatingTool.swift; sourceTree = "<group>"; };
		3096F0CE1FD68A31005B3E38 /* star.bundle */ = {isa = PBXFileReference; lastKnownFileType = "wrapper.plug-in"; path = star.bundle; sourceTree = "<group>"; };
/* End PBXFileReference section */

/* Begin PBXFrameworksBuildPhase section */
		3096F0B31FD68A00005B3E38 /* Frameworks */ = {
			isa = PBXFrameworksBuildPhase;
			buildActionMask = 2147483647;
			files = (
			);
			runOnlyForDeploymentPostprocessing = 0;
		};
/* End PBXFrameworksBuildPhase section */

/* Begin PBXGroup section */
		3096F0AD1FD68A00005B3E38 = {
			isa = PBXGroup;
			children = (
				3096F0B81FD68A00005B3E38 /* FXStarRatingToolDemo */,
				3096F0B71FD68A00005B3E38 /* Products */,
			);
			sourceTree = "<group>";
		};
		3096F0B71FD68A00005B3E38 /* Products */ = {
			isa = PBXGroup;
			children = (
				3096F0B61FD68A00005B3E38 /* FXStarRatingToolDemo.app */,
			);
			name = Products;
			sourceTree = "<group>";
		};
		3096F0B81FD68A00005B3E38 /* FXStarRatingToolDemo */ = {
			isa = PBXGroup;
			children = (
				3096F0CB1FD68A31005B3E38 /* FXStarRatingTool */,
				3096F0B91FD68A00005B3E38 /* AppDelegate.swift */,
				3096F0BB1FD68A00005B3E38 /* ViewController.swift */,
				3096F0BD1FD68A00005B3E38 /* Main.storyboard */,
				3096F0C01FD68A00005B3E38 /* Assets.xcassets */,
				3096F0C21FD68A00005B3E38 /* LaunchScreen.storyboard */,
				3096F0C51FD68A00005B3E38 /* Info.plist */,
			);
			path = FXStarRatingToolDemo;
			sourceTree = "<group>";
		};
		3096F0CB1FD68A31005B3E38 /* FXStarRatingTool */ = {
			isa = PBXGroup;
			children = (
				3096F0CC1FD68A31005B3E38 /* FXRatingBar.swift */,
				3096F0CD1FD68A31005B3E38 /* FXStarRatingTool.swift */,
				3096F0CE1FD68A31005B3E38 /* star.bundle */,
			);
			name = FXStarRatingTool;
			path = ../../FXStarRatingTool;
			sourceTree = "<group>";
		};
/* End PBXGroup section */

/* Begin PBXNativeTarget section */
		3096F0B51FD68A00005B3E38 /* FXStarRatingToolDemo */ = {
			isa = PBXNativeTarget;
			buildConfigurationList = 3096F0C81FD68A00005B3E38 /* Build configuration list for PBXNativeTarget "FXStarRatingToolDemo" */;
			buildPhases = (
				3096F0B21FD68A00005B3E38 /* Sources */,
				3096F0B31FD68A00005B3E38 /* Frameworks */,
				3096F0B41FD68A00005B3E38 /* Resources */,
			);
			buildRules = (
			);
			dependencies = (
			);
			name = FXStarRatingToolDemo;
			productName = FXStarRatingToolDemo;
			productReference = 3096F0B61FD68A00005B3E38 /* FXStarRatingToolDemo.app */;
			productType = "com.apple.product-type.application";
		};
/* End PBXNativeTarget section */

/* Begin PBXProject section */
		3096F0AE1FD68A00005B3E38 /* Project object */ = {
			isa = PBXProject;
			attributes = {
				LastSwiftUpdateCheck = 0910;
				LastUpgradeCheck = 0910;
				ORGANIZATIONNAME = "Aaron Feng";
				TargetAttributes = {
					3096F0B51FD68A00005B3E38 = {
						CreatedOnToolsVersion = 9.1;
						ProvisioningStyle = Automatic;
					};
				};
			};
			buildConfigurationList = 3096F0B11FD68A00005B3E38 /* Build configuration list for PBXProject "FXStarRatingToolDemo" */;
			compatibilityVersion = "Xcode 8.0";
			developmentRegion = en;
			hasScannedForEncodings = 0;
			knownRegions = (
				en,
				Base,
			);
			mainGroup = 3096F0AD1FD68A00005B3E38;
			productRefGroup = 3096F0B71FD68A00005B3E38 /* Products */;
			projectDirPath = "";
			projectRoot = "";
			targets = (
				3096F0B51FD68A00005B3E38 /* FXStarRatingToolDemo */,
			);
		};
/* End PBXProject section */

/* Begin PBXResourcesBuildPhase section */
		3096F0B41FD68A00005B3E38 /* Resources */ = {
			isa = PBXResourcesBuildPhase;
			buildActionMask = 2147483647;
			files = (
				3096F0C41FD68A00005B3E38 /* LaunchScreen.storyboard in Resources */,
				3096F0D11FD68A31005B3E38 /* star.bundle in Resources */,
				3096F0C11FD68A00005B3E38 /* Assets.xcassets in Resources */,
				3096F0BF1FD68A00005B3E38 /* Main.storyboard in Resources */,
			);
			runOnlyForDeploymentPostprocessing = 0;
		};
/* End PBXResourcesBuildPhase section */

/* Begin PBXSourcesBuildPhase section */
		3096F0B21FD68A00005B3E38 /* Sources */ = {
			isa = PBXSourcesBuildPhase;
			buildActionMask = 2147483647;
			files = (
				3096F0D01FD68A31005B3E38 /* FXStarRatingTool.swift in Sources */,
				3096F0CF1FD68A31005B3E38 /* FXRatingBar.swift in Sources */,
				3096F0BC1FD68A00005B3E38 /* ViewController.swift in Sources */,
				3096F0BA1FD68A00005B3E38 /* AppDelegate.swift in Sources */,
			);
			runOnlyForDeploymentPostprocessing = 0;
		};
/* End PBXSourcesBuildPhase section */

/* Begin PBXVariantGroup section */
		3096F0BD1FD68A00005B3E38 /* Main.storyboard */ = {
			isa = PBXVariantGroup;
			children = (
				3096F0BE1FD68A00005B3E38 /* Base */,
			);
			name = Main.storyboard;
			sourceTree = "<group>";
		};
		3096F0C21FD68A00005B3E38 /* LaunchScreen.storyboard */ = {
			isa = PBXVariantGroup;
			children = (
				3096F0C31FD68A00005B3E38 /* Base */,
			);
			name = LaunchScreen.storyboard;
			sourceTree = "<group>";
		};
/* End PBXVariantGroup section */

/* Begin XCBuildConfiguration section */
		3096F0C61FD68A00005B3E38 /* Debug */ = {
			isa = XCBuildConfiguration;
			buildSettings = {
				ALWAYS_SEARCH_USER_PATHS = NO;
				CLANG_ANALYZER_NONNULL = YES;
				CLANG_ANALYZER_NUMBER_OBJECT_CONVERSION = YES_AGGRESSIVE;
				CLANG_CXX_LANGUAGE_STANDARD = "gnu++14";
				CLANG_CXX_LIBRARY = "libc++";
				CLANG_ENABLE_MODULES = YES;
				CLANG_ENABLE_OBJC_ARC = YES;
				CLANG_WARN_BLOCK_CAPTURE_AUTORELEASING = YES;
				CLANG_WARN_BOOL_CONVERSION = YES;
				CLANG_WARN_COMMA = YES;
				CLANG_WARN_CONSTANT_CONVERSION = YES;
				CLANG_WARN_DIRECT_OBJC_ISA_USAGE = YES_ERROR;
				CLANG_WARN_DOCUMENTATION_COMMENTS = YES;
				CLANG_WARN_EMPTY_BODY = YES;
				CLANG_WARN_ENUM_CONVERSION = YES;
				CLANG_WARN_INFINITE_RECURSION = YES;
				CLANG_WARN_INT_CONVERSION = YES;
				CLANG_WARN_NON_LITERAL_NULL_CONVERSION = YES;
				CLANG_WARN_OBJC_LITERAL_CONVERSION = YES;
				CLANG_WARN_OBJC_ROOT_CLASS = YES_ERROR;
				CLANG_WARN_RANGE_LOOP_ANALYSIS = YES;
				CLANG_WARN_STRICT_PROTOTYPES = YES;
				CLANG_WARN_SUSPICIOUS_MOVE = YES;
				CLANG_WARN_UNGUARDED_AVAILABILITY = YES_AGGRESSIVE;
				CLANG_WARN_UNREACHABLE_CODE = YES;
				CLANG_WARN__DUPLICATE_METHOD_MATCH = YES;
				CODE_SIGN_IDENTITY = "iPhone Developer";
				COPY_PHASE_STRIP = NO;
				DEBUG_INFORMATION_FORMAT = dwarf;
				ENABLE_STRICT_OBJC_MSGSEND = YES;
				ENABLE_TESTABILITY = YES;
				GCC_C_LANGUAGE_STANDARD = gnu11;
				GCC_DYNAMIC_NO_PIC = NO;
				GCC_NO_COMMON_BLOCKS = YES;
				GCC_OPTIMIZATION_LEVEL = 0;
				GCC_PREPROCESSOR_DEFINITIONS = (
					"DEBUG=1",
					"$(inherited)",
				);
				GCC_WARN_64_TO_32_BIT_CONVERSION = YES;
				GCC_WARN_ABOUT_RETURN_TYPE = YES_ERROR;
				GCC_WARN_UNDECLARED_SELECTOR = YES;
				GCC_WARN_UNINITIALIZED_AUTOS = YES_AGGRESSIVE;
				GCC_WARN_UNUSED_FUNCTION = YES;
				GCC_WARN_UNUSED_VARIABLE = YES;
				IPHONEOS_DEPLOYMENT_TARGET = 11.1;
				MTL_ENABLE_DEBUG_INFO = YES;
				ONLY_ACTIVE_ARCH = YES;
				SDKROOT = iphoneos;
				SWIFT_ACTIVE_COMPILATION_CONDITIONS = DEBUG;
				SWIFT_OPTIMIZATION_LEVEL = "-Onone";
			};
			name = Debug;
		};
		3096F0C71FD68A00005B3E38 /* Release */ = {
			isa = XCBuildConfiguration;
			buildSettings = {
				ALWAYS_SEARCH_USER_PATHS = NO;
				CLANG_ANALYZER_NONNULL = YES;
				CLANG_ANALYZER_NUMBER_OBJECT_CONVERSION = YES_AGGRESSIVE;
				CLANG_CXX_LANGUAGE_STANDARD = "gnu++14";
				CLANG_CXX_LIBRARY = "libc++";
				CLANG_ENABLE_MODULES = YES;
				CLANG_ENABLE_OBJC_ARC = YES;
				CLANG_WARN_BLOCK_CAPTURE_AUTORELEASING = YES;
				CLANG_WARN_BOOL_CONVERSION = YES;
				CLANG_WARN_COMMA = YES;
				CLANG_WARN_CONSTANT_CONVERSION = YES;
				CLANG_WARN_DIRECT_OBJC_ISA_USAGE = YES_ERROR;
				CLANG_WARN_DOCUMENTATION_COMMENTS = YES;
				CLANG_WARN_EMPTY_BODY = YES;
				CLANG_WARN_ENUM_CONVERSION = YES;
				CLANG_WARN_INFINITE_RECURSION = YES;
				CLANG_WARN_INT_CONVERSION = YES;
				CLANG_WARN_NON_LITERAL_NULL_CONVERSION = YES;
				CLANG_WARN_OBJC_LITERAL_CONVERSION = YES;
				CLANG_WARN_OBJC_ROOT_CLASS = YES_ERROR;
				CLANG_WARN_RANGE_LOOP_ANALYSIS = YES;
				CLANG_WARN_STRICT_PROTOTYPES = YES;
				CLANG_WARN_SUSPICIOUS_MOVE = YES;
				CLANG_WARN_UNGUARDED_AVAILABILITY = YES_AGGRESSIVE;
				CLANG_WARN_UNREACHABLE_CODE = YES;
				CLANG_WARN__DUPLICATE_METHOD_MATCH = YES;
				CODE_SIGN_IDENTITY = "iPhone Developer";
				COPY_PHASE_STRIP = NO;
				DEBUG_INFORMATION_FORMAT = "dwarf-with-dsym";
				ENABLE_NS_ASSERTIONS = NO;
				ENABLE_STRICT_OBJC_MSGSEND = YES;
				GCC_C_LANGUAGE_STANDARD = gnu11;
				GCC_NO_COMMON_BLOCKS = YES;
				GCC_WARN_64_TO_32_BIT_CONVERSION = YES;
				GCC_WARN_ABOUT_RETURN_TYPE = YES_ERROR;
				GCC_WARN_UNDECLARED_SELECTOR = YES;
				GCC_WARN_UNINITIALIZED_AUTOS = YES_AGGRESSIVE;
				GCC_WARN_UNUSED_FUNCTION = YES;
				GCC_WARN_UNUSED_VARIABLE = YES;
				IPHONEOS_DEPLOYMENT_TARGET = 11.1;
				MTL_ENABLE_DEBUG_INFO = NO;
				SDKROOT = iphoneos;
				SWIFT_OPTIMIZATION_LEVEL = "-Owholemodule";
				VALIDATE_PRODUCT = YES;
			};
			name = Release;
		};
		3096F0C91FD68A00005B3E38 /* Debug */ = {
			isa = XCBuildConfiguration;
			buildSettings = {
				ASSETCATALOG_COMPILER_APPICON_NAME = AppIcon;
				CODE_SIGN_STYLE = Automatic;
				DEVELOPMENT_TEAM = MV9B26HCTK;
				INFOPLIST_FILE = FXStarRatingToolDemo/Info.plist;
				IPHONEOS_DEPLOYMENT_TARGET = 8.0;
				LD_RUNPATH_SEARCH_PATHS = "$(inherited) @executable_path/Frameworks";
				PRODUCT_BUNDLE_IDENTIFIER = "Aaron-Feng.FXStarRatingToolDemo";
				PRODUCT_NAME = "$(TARGET_NAME)";
				SWIFT_VERSION = 4.0;
				TARGETED_DEVICE_FAMILY = "1,2";
			};
			name = Debug;
		};
		3096F0CA1FD68A00005B3E38 /* Release */ = {
			isa = XCBuildConfiguration;
			buildSettings = {
				ASSETCATALOG_COMPILER_APPICON_NAME = AppIcon;
				CODE_SIGN_STYLE = Automatic;
				DEVELOPMENT_TEAM = MV9B26HCTK;
				INFOPLIST_FILE = FXStarRatingToolDemo/Info.plist;
				IPHONEOS_DEPLOYMENT_TARGET = 8.0;
				LD_RUNPATH_SEARCH_PATHS = "$(inherited) @executable_path/Frameworks";
				PRODUCT_BUNDLE_IDENTIFIER = "Aaron-Feng.FXStarRatingToolDemo";
				PRODUCT_NAME = "$(TARGET_NAME)";
				SWIFT_VERSION = 4.0;
				TARGETED_DEVICE_FAMILY = "1,2";
			};
			name = Release;
		};
/* End XCBuildConfiguration section */

/* Begin XCConfigurationList section */
		3096F0B11FD68A00005B3E38 /* Build configuration list for PBXProject "FXStarRatingToolDemo" */ = {
			isa = XCConfigurationList;
			buildConfigurations = (
				3096F0C61FD68A00005B3E38 /* Debug */,
				3096F0C71FD68A00005B3E38 /* Release */,
			);
			defaultConfigurationIsVisible = 0;
			defaultConfigurationName = Release;
		};
		3096F0C81FD68A00005B3E38 /* Build configuration list for PBXNativeTarget "FXStarRatingToolDemo" */ = {
			isa = XCConfigurationList;
			buildConfigurations = (
				3096F0C91FD68A00005B3E38 /* Debug */,
				3096F0CA1FD68A00005B3E38 /* Release */,
			);
			defaultConfigurationIsVisible = 0;
			defaultConfigurationName = Release;
		};
/* End XCConfigurationList section */
	};
	rootObject = 3096F0AE1FD68A00005B3E38 /* Project object */;
}
